
Microsoft Visual Studio Solution File, Format Version 12.00
# Visual Studio Version 17
VisualStudioVersion = 17.2.32630.192
MinimumVisualStudioVersion = 10.0.40219.1
Project("{FAE04EC0-301F-11D3-BF4B-00C04F79EFBC}") = "Vidly2", "Vidly2.csproj", "{F68FC617-C612-416C-853F-0AB64BD595F1}"
EndProject
Global
	GlobalSection(SolutionConfigurationPlatforms) = preSolution
		Debug|Any CPU = Debug|Any CPU
		Release|Any CPU = Release|Any CPU
	EndGlobalSection
	GlobalSection(ProjectConfigurationPlatforms) = postSolution
		{F68FC617-C612-416C-853F-0AB64BD595F1}.Debug|Any CPU.ActiveCfg = Debug|Any CPU
		{F68FC617-C612-416C-853F-0AB64BD595F1}.Debug|Any CPU.Build.0 = Debug|Any CPU
		{F68FC617-C612-416C-853F-0AB64BD595F1}.Release|Any CPU.ActiveCfg = Release|Any CPU
		{F68FC617-C612-416C-853F-0AB64BD595F1}.Release|Any CPU.Build.0 = Release|Any CPU
	EndGlobalSection
	GlobalSection(SolutionProperties) = preSolution
		HideSolutionNode = FALSE
	EndGlobalSection
	GlobalSection(ExtensibilityGlobals) = postSolution
		SolutionGuid = {B7763CA6-231A-4BFD-A06F-2B4304246A2C}
	EndGlobalSection
EndGlobal
